
Microsoft Visual Studio Solution File, Format Version 12.00
# Visual Studio Version 16
VisualStudioVersion = 16.0.31605.320
MinimumVisualStudioVersion = 10.0.40219.1
Project("{9A19103F-16F7-4668-BE54-9A1E7A4F7556}") = "Todos", "Todos\Todos.csproj", "{D037635A-98A4-46C0-A22F-C4E9169B38D1}"
EndProject
Global
	GlobalSection(SolutionConfigurationPlatforms) = preSolution
		Debug|Any CPU = Debug|Any CPU
		Release|Any CPU = Release|Any CPU
	EndGlobalSection
	GlobalSection(ProjectConfigurationPlatforms) = postSolution
		{D037635A-98A4-46C0-A22F-C4E9169B38D1}.Debug|Any CPU.ActiveCfg = Debug|Any CPU
		{D037635A-98A4-46C0-A22F-C4E9169B38D1}.Debug|Any CPU.Build.0 = Debug|Any CPU
		{D037635A-98A4-46C0-A22F-C4E9169B38D1}.Release|Any CPU.ActiveCfg = Release|Any CPU
		{D037635A-98A4-46C0-A22F-C4E9169B38D1}.Release|Any CPU.Build.0 = Release|Any CPU
	EndGlobalSection
	GlobalSection(SolutionProperties) = preSolution
		HideSolutionNode = FALSE
	EndGlobalSection
	GlobalSection(ExtensibilityGlobals) = postSolution
		SolutionGuid = {B8CF33A1-BE66-4FD6-B6CB-6F41F09BDF3C}
	EndGlobalSection
EndGlobal
